// !$*UTF8*$!
{
	archiveVersion = 1;
	classes = {
	};
	objectVersion = 77;
	objects = {

/* Begin PBXBuildFile section */
		EF81F4022D62EBF50089E9D3 /* WidgetKit.framework in Frameworks */ = {isa = PBXBuildFile; fileRef = EF81F33B2D62D77A0089E9D3 /* WidgetKit.framework */; };
		EF81F4032D62EBF50089E9D3 /* SwiftUI.framework in Frameworks */ = {isa = PBXBuildFile; fileRef = EF81F33D2D62D77A0089E9D3 /* SwiftUI.framework */; };
		EF81F4102D62EBF60089E9D3 /* BudgetDetailsWidgetExtension.appex in Embed Foundation Extensions */ = {isa = PBXBuildFile; fileRef = EF81F4012D62EBF50089E9D3 /* BudgetDetailsWidgetExtension.appex */; settings = {ATTRIBUTES = (RemoveHeadersOnCopy, ); }; };
		EF81F4202D63D98D0089E9D3 /* FirebaseAnalytics in Frameworks */ = {isa = PBXBuildFile; productRef = EF81F41F2D63D98D0089E9D3 /* FirebaseAnalytics */; };
		EF81F4222D63D98D0089E9D3 /* FirebaseAuth in Frameworks */ = {isa = PBXBuildFile; productRef = EF81F4212D63D98D0089E9D3 /* FirebaseAuth */; };
		EF81F4262D63D98D0089E9D3 /* FirebaseCrashlytics in Frameworks */ = {isa = PBXBuildFile; productRef = EF81F4252D63D98D0089E9D3 /* FirebaseCrashlytics */; };
		EF81F4282D63D98D0089E9D3 /* FirebaseFirestore in Frameworks */ = {isa = PBXBuildFile; productRef = EF81F4272D63D98D0089E9D3 /* FirebaseFirestore */; };
/* End PBXBuildFile section */

/* Begin PBXContainerItemProxy section */
		EF81F40E2D62EBF60089E9D3 /* PBXContainerItemProxy */ = {
			isa = PBXContainerItemProxy;
			containerPortal = EFC12D272D5AE12C00E829B3 /* Project object */;
			proxyType = 1;
			remoteGlobalIDString = EF81F4002D62EBF50089E9D3;
			remoteInfo = BudgetDetailsWidgetExtension;
		};
		EFC12D412D5AE12C00E829B3 /* PBXContainerItemProxy */ = {
			isa = PBXContainerItemProxy;
			containerPortal = EFC12D272D5AE12C00E829B3 /* Project object */;
			proxyType = 1;
			remoteGlobalIDString = EFC12D2E2D5AE12C00E829B3;
			remoteInfo = Buzzkill;
		};
		EFC12D4B2D5AE12C00E829B3 /* PBXContainerItemProxy */ = {
			isa = PBXContainerItemProxy;
			containerPortal = EFC12D272D5AE12C00E829B3 /* Project object */;
			proxyType = 1;
			remoteGlobalIDString = EFC12D2E2D5AE12C00E829B3;
			remoteInfo = Buzzkill;
		};
/* End PBXContainerItemProxy section */

/* Begin PBXCopyFilesBuildPhase section */
		EF81F34E2D62D77C0089E9D3 /* Embed Foundation Extensions */ = {
			isa = PBXCopyFilesBuildPhase;
			buildActionMask = 2147483647;
			dstPath = "";
			dstSubfolderSpec = 13;
			files = (
				EF81F4102D62EBF60089E9D3 /* BudgetDetailsWidgetExtension.appex in Embed Foundation Extensions */,
			);
			name = "Embed Foundation Extensions";
			runOnlyForDeploymentPostprocessing = 0;
		};
/* End PBXCopyFilesBuildPhase section */

/* Begin PBXFileReference section */
		EF81F33B2D62D77A0089E9D3 /* WidgetKit.framework */ = {isa = PBXFileReference; lastKnownFileType = wrapper.framework; name = WidgetKit.framework; path = System/Library/Frameworks/WidgetKit.framework; sourceTree = SDKROOT; };
		EF81F33D2D62D77A0089E9D3 /* SwiftUI.framework */ = {isa = PBXFileReference; lastKnownFileType = wrapper.framework; name = SwiftUI.framework; path = System/Library/Frameworks/SwiftUI.framework; sourceTree = SDKROOT; };
		EF81F4012D62EBF50089E9D3 /* BudgetDetailsWidgetExtension.appex */ = {isa = PBXFileReference; explicitFileType = "wrapper.app-extension"; includeInIndex = 0; path = BudgetDetailsWidgetExtension.appex; sourceTree = BUILT_PRODUCTS_DIR; };
		EFC12D2F2D5AE12C00E829B3 /* Buzzkill.app */ = {isa = PBXFileReference; explicitFileType = wrapper.application; includeInIndex = 0; path = Buzzkill.app; sourceTree = BUILT_PRODUCTS_DIR; };
		EFC12D402D5AE12C00E829B3 /* BuzzkillTests.xctest */ = {isa = PBXFileReference; explicitFileType = wrapper.cfbundle; includeInIndex = 0; path = BuzzkillTests.xctest; sourceTree = BUILT_PRODUCTS_DIR; };
		EFC12D4A2D5AE12C00E829B3 /* BuzzkillUITests.xctest */ = {isa = PBXFileReference; explicitFileType = wrapper.cfbundle; includeInIndex = 0; path = BuzzkillUITests.xctest; sourceTree = BUILT_PRODUCTS_DIR; };
/* End PBXFileReference section */

/* Begin PBXFileSystemSynchronizedBuildFileExceptionSet section */
		EF7A59F22D5D5C3600FE2D10 /* Exceptions for "Buzzkill" folder in "Buzzkill" target */ = {
			isa = PBXFileSystemSynchronizedBuildFileExceptionSet;
			membershipExceptions = (
				Info.plist,
			);
			target = EFC12D2E2D5AE12C00E829B3 /* Buzzkill */;
		};
		EF81F4142D62EBF60089E9D3 /* Exceptions for "BudgetDetailsWidget" folder in "BudgetDetailsWidgetExtension" target */ = {
			isa = PBXFileSystemSynchronizedBuildFileExceptionSet;
			membershipExceptions = (
				Info.plist,
			);
			target = EF81F4002D62EBF50089E9D3 /* BudgetDetailsWidgetExtension */;
		};
/* End PBXFileSystemSynchronizedBuildFileExceptionSet section */

/* Begin PBXFileSystemSynchronizedRootGroup section */
		EF81F4042D62EBF50089E9D3 /* BudgetDetailsWidget */ = {
			isa = PBXFileSystemSynchronizedRootGroup;
			exceptions = (
				EF81F4142D62EBF60089E9D3 /* Exceptions for "BudgetDetailsWidget" folder in "BudgetDetailsWidgetExtension" target */,
			);
			path = BudgetDetailsWidget;
			sourceTree = "<group>";
		};
		EFC12D312D5AE12C00E829B3 /* Buzzkill */ = {
			isa = PBXFileSystemSynchronizedRootGroup;
			exceptions = (
				EF7A59F22D5D5C3600FE2D10 /* Exceptions for "Buzzkill" folder in "Buzzkill" target */,
			);
			path = Buzzkill;
			sourceTree = "<group>";
		};
		EFC12D432D5AE12C00E829B3 /* BuzzkillTests */ = {
			isa = PBXFileSystemSynchronizedRootGroup;
			path = BuzzkillTests;
			sourceTree = "<group>";
		};
		EFC12D4D2D5AE12C00E829B3 /* BuzzkillUITests */ = {
			isa = PBXFileSystemSynchronizedRootGroup;
			path = BuzzkillUITests;
			sourceTree = "<group>";
		};
/* End PBXFileSystemSynchronizedRootGroup section */

/* Begin PBXFrameworksBuildPhase section */
		EF81F3FE2D62EBF50089E9D3 /* Frameworks */ = {
			isa = PBXFrameworksBuildPhase;
			buildActionMask = 2147483647;
			files = (
				EF81F4032D62EBF50089E9D3 /* SwiftUI.framework in Frameworks */,
				EF81F4022D62EBF50089E9D3 /* WidgetKit.framework in Frameworks */,
			);
			runOnlyForDeploymentPostprocessing = 0;
		};
		EFC12D2C2D5AE12C00E829B3 /* Frameworks */ = {
			isa = PBXFrameworksBuildPhase;
			buildActionMask = 2147483647;
			files = (
				EF81F4202D63D98D0089E9D3 /* FirebaseAnalytics in Frameworks */,
				EF81F4262D63D98D0089E9D3 /* FirebaseCrashlytics in Frameworks */,
				EF81F4282D63D98D0089E9D3 /* FirebaseFirestore in Frameworks */,
				EF81F4222D63D98D0089E9D3 /* FirebaseAuth in Frameworks */,
			);
			runOnlyForDeploymentPostprocessing = 0;
		};
		EFC12D3D2D5AE12C00E829B3 /* Frameworks */ = {
			isa = PBXFrameworksBuildPhase;
			buildActionMask = 2147483647;
			files = (
			);
			runOnlyForDeploymentPostprocessing = 0;
		};
		EFC12D472D5AE12C00E829B3 /* Frameworks */ = {
			isa = PBXFrameworksBuildPhase;
			buildActionMask = 2147483647;
			files = (
			);
			runOnlyForDeploymentPostprocessing = 0;
		};
/* End PBXFrameworksBuildPhase section */

/* Begin PBXGroup section */
		EF81F33A2D62D77A0089E9D3 /* Frameworks */ = {
			isa = PBXGroup;
			children = (
				EF81F33B2D62D77A0089E9D3 /* WidgetKit.framework */,
				EF81F33D2D62D77A0089E9D3 /* SwiftUI.framework */,
			);
			name = Frameworks;
			sourceTree = "<group>";
		};
		EFC12D262D5AE12C00E829B3 = {
			isa = PBXGroup;
			children = (
				EFC12D312D5AE12C00E829B3 /* Buzzkill */,
				EFC12D432D5AE12C00E829B3 /* BuzzkillTests */,
				EFC12D4D2D5AE12C00E829B3 /* BuzzkillUITests */,
				EF81F4042D62EBF50089E9D3 /* BudgetDetailsWidget */,
				EF81F33A2D62D77A0089E9D3 /* Frameworks */,
				EFC12D302D5AE12C00E829B3 /* Products */,
			);
			sourceTree = "<group>";
		};
		EFC12D302D5AE12C00E829B3 /* Products */ = {
			isa = PBXGroup;
			children = (
				EFC12D2F2D5AE12C00E829B3 /* Buzzkill.app */,
				EFC12D402D5AE12C00E829B3 /* BuzzkillTests.xctest */,
				EFC12D4A2D5AE12C00E829B3 /* BuzzkillUITests.xctest */,
				EF81F4012D62EBF50089E9D3 /* BudgetDetailsWidgetExtension.appex */,
			);
			name = Products;
			sourceTree = "<group>";
		};
/* End PBXGroup section */

/* Begin PBXNativeTarget section */
		EF81F4002D62EBF50089E9D3 /* BudgetDetailsWidgetExtension */ = {
			isa = PBXNativeTarget;
			buildConfigurationList = EF81F4112D62EBF60089E9D3 /* Build configuration list for PBXNativeTarget "BudgetDetailsWidgetExtension" */;
			buildPhases = (
				EF81F3FD2D62EBF50089E9D3 /* Sources */,
				EF81F3FE2D62EBF50089E9D3 /* Frameworks */,
				EF81F3FF2D62EBF50089E9D3 /* Resources */,
			);
			buildRules = (
			);
			dependencies = (
			);
			fileSystemSynchronizedGroups = (
				EF81F4042D62EBF50089E9D3 /* BudgetDetailsWidget */,
			);
			name = BudgetDetailsWidgetExtension;
			packageProductDependencies = (
			);
			productName = BudgetDetailsWidgetExtension;
			productReference = EF81F4012D62EBF50089E9D3 /* BudgetDetailsWidgetExtension.appex */;
			productType = "com.apple.product-type.app-extension";
		};
		EFC12D2E2D5AE12C00E829B3 /* Buzzkill */ = {
			isa = PBXNativeTarget;
			buildConfigurationList = EFC12D542D5AE12C00E829B3 /* Build configuration list for PBXNativeTarget "Buzzkill" */;
			buildPhases = (
				EFC12D2B2D5AE12C00E829B3 /* Sources */,
				EFC12D2C2D5AE12C00E829B3 /* Frameworks */,
				EFC12D2D2D5AE12C00E829B3 /* Resources */,
				EF81F34E2D62D77C0089E9D3 /* Embed Foundation Extensions */,
			);
			buildRules = (
			);
			dependencies = (
				EF81F40F2D62EBF60089E9D3 /* PBXTargetDependency */,
			);
			fileSystemSynchronizedGroups = (
				EFC12D312D5AE12C00E829B3 /* Buzzkill */,
			);
			name = Buzzkill;
			packageProductDependencies = (
				EF81F41F2D63D98D0089E9D3 /* FirebaseAnalytics */,
				EF81F4212D63D98D0089E9D3 /* FirebaseAuth */,
				EF81F4252D63D98D0089E9D3 /* FirebaseCrashlytics */,
				EF81F4272D63D98D0089E9D3 /* FirebaseFirestore */,
			);
			productName = Buzzkill;
			productReference = EFC12D2F2D5AE12C00E829B3 /* Buzzkill.app */;
			productType = "com.apple.product-type.application";
		};
		EFC12D3F2D5AE12C00E829B3 /* BuzzkillTests */ = {
			isa = PBXNativeTarget;
			buildConfigurationList = EFC12D572D5AE12C00E829B3 /* Build configuration list for PBXNativeTarget "BuzzkillTests" */;
			buildPhases = (
				EFC12D3C2D5AE12C00E829B3 /* Sources */,
				EFC12D3D2D5AE12C00E829B3 /* Frameworks */,
				EFC12D3E2D5AE12C00E829B3 /* Resources */,
			);
			buildRules = (
			);
			dependencies = (
				EFC12D422D5AE12C00E829B3 /* PBXTargetDependency */,
			);
			fileSystemSynchronizedGroups = (
				EFC12D432D5AE12C00E829B3 /* BuzzkillTests */,
			);
			name = BuzzkillTests;
			packageProductDependencies = (
			);
			productName = BuzzkillTests;
			productReference = EFC12D402D5AE12C00E829B3 /* BuzzkillTests.xctest */;
			productType = "com.apple.product-type.bundle.unit-test";
		};
		EFC12D492D5AE12C00E829B3 /* BuzzkillUITests */ = {
			isa = PBXNativeTarget;
			buildConfigurationList = EFC12D5A2D5AE12C00E829B3 /* Build configuration list for PBXNativeTarget "BuzzkillUITests" */;
			buildPhases = (
				EFC12D462D5AE12C00E829B3 /* Sources */,
				EFC12D472D5AE12C00E829B3 /* Frameworks */,
				EFC12D482D5AE12C00E829B3 /* Resources */,
			);
			buildRules = (
			);
			dependencies = (
				EFC12D4C2D5AE12C00E829B3 /* PBXTargetDependency */,
			);
			fileSystemSynchronizedGroups = (
				EFC12D4D2D5AE12C00E829B3 /* BuzzkillUITests */,
			);
			name = BuzzkillUITests;
			packageProductDependencies = (
			);
			productName = BuzzkillUITests;
			productReference = EFC12D4A2D5AE12C00E829B3 /* BuzzkillUITests.xctest */;
			productType = "com.apple.product-type.bundle.ui-testing";
		};
/* End PBXNativeTarget section */

/* Begin PBXProject section */
		EFC12D272D5AE12C00E829B3 /* Project object */ = {
			isa = PBXProject;
			attributes = {
				BuildIndependentTargetsInParallel = 1;
				LastSwiftUpdateCheck = 1620;
				LastUpgradeCheck = 1620;
				TargetAttributes = {
					EF81F4002D62EBF50089E9D3 = {
						CreatedOnToolsVersion = 16.2;
					};
					EFC12D2E2D5AE12C00E829B3 = {
						CreatedOnToolsVersion = 16.2;
					};
					EFC12D3F2D5AE12C00E829B3 = {
						CreatedOnToolsVersion = 16.2;
						TestTargetID = EFC12D2E2D5AE12C00E829B3;
					};
					EFC12D492D5AE12C00E829B3 = {
						CreatedOnToolsVersion = 16.2;
						TestTargetID = EFC12D2E2D5AE12C00E829B3;
					};
				};
			};
			buildConfigurationList = EFC12D2A2D5AE12C00E829B3 /* Build configuration list for PBXProject "Buzzkill" */;
			developmentRegion = en;
			hasScannedForEncodings = 0;
			knownRegions = (
				en,
				Base,
			);
			mainGroup = EFC12D262D5AE12C00E829B3;
			minimizedProjectReferenceProxies = 1;
			packageReferences = (
				EF81F41E2D63D98D0089E9D3 /* XCRemoteSwiftPackageReference "firebase-ios-sdk" */,
			);
			preferredProjectObjectVersion = 77;
			productRefGroup = EFC12D302D5AE12C00E829B3 /* Products */;
			projectDirPath = "";
			projectRoot = "";
			targets = (
				EFC12D2E2D5AE12C00E829B3 /* Buzzkill */,
				EFC12D3F2D5AE12C00E829B3 /* BuzzkillTests */,
				EFC12D492D5AE12C00E829B3 /* BuzzkillUITests */,
				EF81F4002D62EBF50089E9D3 /* BudgetDetailsWidgetExtension */,
			);
		};
/* End PBXProject section */

/* Begin PBXResourcesBuildPhase section */
		EF81F3FF2D62EBF50089E9D3 /* Resources */ = {
			isa = PBXResourcesBuildPhase;
			buildActionMask = 2147483647;
			files = (
			);
			runOnlyForDeploymentPostprocessing = 0;
		};
		EFC12D2D2D5AE12C00E829B3 /* Resources */ = {
			isa = PBXResourcesBuildPhase;
			buildActionMask = 2147483647;
			files = (
			);
			runOnlyForDeploymentPostprocessing = 0;
		};
		EFC12D3E2D5AE12C00E829B3 /* Resources */ = {
			isa = PBXResourcesBuildPhase;
			buildActionMask = 2147483647;
			files = (
			);
			runOnlyForDeploymentPostprocessing = 0;
		};
		EFC12D482D5AE12C00E829B3 /* Resources */ = {
			isa = PBXResourcesBuildPhase;
			buildActionMask = 2147483647;
			files = (
			);
			runOnlyForDeploymentPostprocessing = 0;
		};
/* End PBXResourcesBuildPhase section */

/* Begin PBXSourcesBuildPhase section */
		EF81F3FD2D62EBF50089E9D3 /* Sources */ = {
			isa = PBXSourcesBuildPhase;
			buildActionMask = 2147483647;
			files = (
			);
			runOnlyForDeploymentPostprocessing = 0;
		};
		EFC12D2B2D5AE12C00E829B3 /* Sources */ = {
			isa = PBXSourcesBuildPhase;
			buildActionMask = 2147483647;
			files = (
			);
			runOnlyForDeploymentPostprocessing = 0;
		};
		EFC12D3C2D5AE12C00E829B3 /* Sources */ = {
			isa = PBXSourcesBuildPhase;
			buildActionMask = 2147483647;
			files = (
			);
			runOnlyForDeploymentPostprocessing = 0;
		};
		EFC12D462D5AE12C00E829B3 /* Sources */ = {
			isa = PBXSourcesBuildPhase;
			buildActionMask = 2147483647;
			files = (
			);
			runOnlyForDeploymentPostprocessing = 0;
		};
/* End PBXSourcesBuildPhase section */

/* Begin PBXTargetDependency section */
		EF81F40F2D62EBF60089E9D3 /* PBXTargetDependency */ = {
			isa = PBXTargetDependency;
			target = EF81F4002D62EBF50089E9D3 /* BudgetDetailsWidgetExtension */;
			targetProxy = EF81F40E2D62EBF60089E9D3 /* PBXContainerItemProxy */;
		};
		EFC12D422D5AE12C00E829B3 /* PBXTargetDependency */ = {
			isa = PBXTargetDependency;
			target = EFC12D2E2D5AE12C00E829B3 /* Buzzkill */;
			targetProxy = EFC12D412D5AE12C00E829B3 /* PBXContainerItemProxy */;
		};
		EFC12D4C2D5AE12C00E829B3 /* PBXTargetDependency */ = {
			isa = PBXTargetDependency;
			target = EFC12D2E2D5AE12C00E829B3 /* Buzzkill */;
			targetProxy = EFC12D4B2D5AE12C00E829B3 /* PBXContainerItemProxy */;
		};
/* End PBXTargetDependency section */

/* Begin XCBuildConfiguration section */
		EF81F4122D62EBF60089E9D3 /* Debug */ = {
			isa = XCBuildConfiguration;
			buildSettings = {
				ASSETCATALOG_COMPILER_GLOBAL_ACCENT_COLOR_NAME = AccentColor;
				ASSETCATALOG_COMPILER_WIDGET_BACKGROUND_COLOR_NAME = WidgetBackground;
				CODE_SIGN_STYLE = Automatic;
				CURRENT_PROJECT_VERSION = 1;
				DEVELOPMENT_TEAM = GFR22H29TJ;
				GENERATE_INFOPLIST_FILE = YES;
				INFOPLIST_FILE = BudgetDetailsWidget/Info.plist;
				INFOPLIST_KEY_CFBundleDisplayName = BudgetDetailsWidget;
				INFOPLIST_KEY_NSHumanReadableCopyright = "";
				IPHONEOS_DEPLOYMENT_TARGET = 16.6;
				LD_RUNPATH_SEARCH_PATHS = (
					"$(inherited)",
					"@executable_path/Frameworks",
					"@executable_path/../../Frameworks",
				);
				MARKETING_VERSION = 1.0;
				PRODUCT_BUNDLE_IDENTIFIER = buzzkill.Buzzkill.BudgetDetailsWidget;
				PRODUCT_NAME = "$(TARGET_NAME)";
				SDKROOT = iphoneos;
				SKIP_INSTALL = YES;
				SWIFT_EMIT_LOC_STRINGS = YES;
				SWIFT_VERSION = 5.0;
				TARGETED_DEVICE_FAMILY = "1,2";
			};
			name = Debug;
		};
		EF81F4132D62EBF60089E9D3 /* Release */ = {
			isa = XCBuildConfiguration;
			buildSettings = {
				ASSETCATALOG_COMPILER_GLOBAL_ACCENT_COLOR_NAME = AccentColor;
				ASSETCATALOG_COMPILER_WIDGET_BACKGROUND_COLOR_NAME = WidgetBackground;
				CODE_SIGN_STYLE = Automatic;
				CURRENT_PROJECT_VERSION = 1;
				DEVELOPMENT_TEAM = GFR22H29TJ;
				GENERATE_INFOPLIST_FILE = YES;
				INFOPLIST_FILE = BudgetDetailsWidget/Info.plist;
				INFOPLIST_KEY_CFBundleDisplayName = BudgetDetailsWidget;
				INFOPLIST_KEY_NSHumanReadableCopyright = "";
				IPHONEOS_DEPLOYMENT_TARGET = 16.6;
				LD_RUNPATH_SEARCH_PATHS = (
					"$(inherited)",
					"@executable_path/Frameworks",
					"@executable_path/../../Frameworks",
				);
				MARKETING_VERSION = 1.0;
				PRODUCT_BUNDLE_IDENTIFIER = buzzkill.Buzzkill.BudgetDetailsWidget;
				PRODUCT_NAME = "$(TARGET_NAME)";
				SDKROOT = iphoneos;
				SKIP_INSTALL = YES;
				SWIFT_EMIT_LOC_STRINGS = YES;
				SWIFT_VERSION = 5.0;
				TARGETED_DEVICE_FAMILY = "1,2";
				VALIDATE_PRODUCT = YES;
			};
			name = Release;
		};
		EFC12D522D5AE12C00E829B3 /* Debug */ = {
			isa = XCBuildConfiguration;
			buildSettings = {
				ALWAYS_SEARCH_USER_PATHS = NO;
				ASSETCATALOG_COMPILER_GENERATE_SWIFT_ASSET_SYMBOL_EXTENSIONS = YES;
				CLANG_ANALYZER_NONNULL = YES;
				CLANG_ANALYZER_NUMBER_OBJECT_CONVERSION = YES_AGGRESSIVE;
				CLANG_CXX_LANGUAGE_STANDARD = "gnu++20";
				CLANG_ENABLE_MODULES = YES;
				CLANG_ENABLE_OBJC_ARC = YES;
				CLANG_ENABLE_OBJC_WEAK = YES;
				CLANG_WARN_BLOCK_CAPTURE_AUTORELEASING = YES;
				CLANG_WARN_BOOL_CONVERSION = YES;
				CLANG_WARN_COMMA = YES;
				CLANG_WARN_CONSTANT_CONVERSION = YES;
				CLANG_WARN_DEPRECATED_OBJC_IMPLEMENTATIONS = YES;
				CLANG_WARN_DIRECT_OBJC_ISA_USAGE = YES_ERROR;
				CLANG_WARN_DOCUMENTATION_COMMENTS = YES;
				CLANG_WARN_EMPTY_BODY = YES;
				CLANG_WARN_ENUM_CONVERSION = YES;
				CLANG_WARN_INFINITE_RECURSION = YES;
				CLANG_WARN_INT_CONVERSION = YES;
				CLANG_WARN_NON_LITERAL_NULL_CONVERSION = YES;
				CLANG_WARN_OBJC_IMPLICIT_RETAIN_SELF = YES;
				CLANG_WARN_OBJC_LITERAL_CONVERSION = YES;
				CLANG_WARN_OBJC_ROOT_CLASS = YES_ERROR;
				CLANG_WARN_QUOTED_INCLUDE_IN_FRAMEWORK_HEADER = YES;
				CLANG_WARN_RANGE_LOOP_ANALYSIS = YES;
				CLANG_WARN_STRICT_PROTOTYPES = YES;
				CLANG_WARN_SUSPICIOUS_MOVE = YES;
				CLANG_WARN_UNGUARDED_AVAILABILITY = YES_AGGRESSIVE;
				CLANG_WARN_UNREACHABLE_CODE = YES;
				CLANG_WARN__DUPLICATE_METHOD_MATCH = YES;
				COPY_PHASE_STRIP = NO;
				DEBUG_INFORMATION_FORMAT = dwarf;
				ENABLE_STRICT_OBJC_MSGSEND = YES;
				ENABLE_TESTABILITY = YES;
				ENABLE_USER_SCRIPT_SANDBOXING = YES;
				GCC_C_LANGUAGE_STANDARD = gnu17;
				GCC_DYNAMIC_NO_PIC = NO;
				GCC_NO_COMMON_BLOCKS = YES;
				GCC_OPTIMIZATION_LEVEL = 0;
				GCC_PREPROCESSOR_DEFINITIONS = (
					"DEBUG=1",
					"$(inherited)",
				);
				GCC_WARN_64_TO_32_BIT_CONVERSION = YES;
				GCC_WARN_ABOUT_RETURN_TYPE = YES_ERROR;
				GCC_WARN_UNDECLARED_SELECTOR = YES;
				GCC_WARN_UNINITIALIZED_AUTOS = YES_AGGRESSIVE;
				GCC_WARN_UNUSED_FUNCTION = YES;
				GCC_WARN_UNUSED_VARIABLE = YES;
				LOCALIZATION_PREFERS_STRING_CATALOGS = YES;
				MTL_ENABLE_DEBUG_INFO = INCLUDE_SOURCE;
				MTL_FAST_MATH = YES;
				ONLY_ACTIVE_ARCH = YES;
				SWIFT_ACTIVE_COMPILATION_CONDITIONS = "DEBUG $(inherited)";
				SWIFT_OPTIMIZATION_LEVEL = "-Onone";
			};
			name = Debug;
		};
		EFC12D532D5AE12C00E829B3 /* Release */ = {
			isa = XCBuildConfiguration;
			buildSettings = {
				ALWAYS_SEARCH_USER_PATHS = NO;
				ASSETCATALOG_COMPILER_GENERATE_SWIFT_ASSET_SYMBOL_EXTENSIONS = YES;
				CLANG_ANALYZER_NONNULL = YES;
				CLANG_ANALYZER_NUMBER_OBJECT_CONVERSION = YES_AGGRESSIVE;
				CLANG_CXX_LANGUAGE_STANDARD = "gnu++20";
				CLANG_ENABLE_MODULES = YES;
				CLANG_ENABLE_OBJC_ARC = YES;
				CLANG_ENABLE_OBJC_WEAK = YES;
				CLANG_WARN_BLOCK_CAPTURE_AUTORELEASING = YES;
				CLANG_WARN_BOOL_CONVERSION = YES;
				CLANG_WARN_COMMA = YES;
				CLANG_WARN_CONSTANT_CONVERSION = YES;
				CLANG_WARN_DEPRECATED_OBJC_IMPLEMENTATIONS = YES;
				CLANG_WARN_DIRECT_OBJC_ISA_USAGE = YES_ERROR;
				CLANG_WARN_DOCUMENTATION_COMMENTS = YES;
				CLANG_WARN_EMPTY_BODY = YES;
				CLANG_WARN_ENUM_CONVERSION = YES;
				CLANG_WARN_INFINITE_RECURSION = YES;
				CLANG_WARN_INT_CONVERSION = YES;
				CLANG_WARN_NON_LITERAL_NULL_CONVERSION = YES;
				CLANG_WARN_OBJC_IMPLICIT_RETAIN_SELF = YES;
				CLANG_WARN_OBJC_LITERAL_CONVERSION = YES;
				CLANG_WARN_OBJC_ROOT_CLASS = YES_ERROR;
				CLANG_WARN_QUOTED_INCLUDE_IN_FRAMEWORK_HEADER = YES;
				CLANG_WARN_RANGE_LOOP_ANALYSIS = YES;
				CLANG_WARN_STRICT_PROTOTYPES = YES;
				CLANG_WARN_SUSPICIOUS_MOVE = YES;
				CLANG_WARN_UNGUARDED_AVAILABILITY = YES_AGGRESSIVE;
				CLANG_WARN_UNREACHABLE_CODE = YES;
				CLANG_WARN__DUPLICATE_METHOD_MATCH = YES;
				COPY_PHASE_STRIP = NO;
				DEBUG_INFORMATION_FORMAT = "dwarf-with-dsym";
				ENABLE_NS_ASSERTIONS = NO;
				ENABLE_STRICT_OBJC_MSGSEND = YES;
				ENABLE_USER_SCRIPT_SANDBOXING = YES;
				GCC_C_LANGUAGE_STANDARD = gnu17;
				GCC_NO_COMMON_BLOCKS = YES;
				GCC_WARN_64_TO_32_BIT_CONVERSION = YES;
				GCC_WARN_ABOUT_RETURN_TYPE = YES_ERROR;
				GCC_WARN_UNDECLARED_SELECTOR = YES;
				GCC_WARN_UNINITIALIZED_AUTOS = YES_AGGRESSIVE;
				GCC_WARN_UNUSED_FUNCTION = YES;
				GCC_WARN_UNUSED_VARIABLE = YES;
				LOCALIZATION_PREFERS_STRING_CATALOGS = YES;
				MTL_ENABLE_DEBUG_INFO = NO;
				MTL_FAST_MATH = YES;
				SWIFT_COMPILATION_MODE = wholemodule;
			};
			name = Release;
		};
		EFC12D552D5AE12C00E829B3 /* Debug */ = {
			isa = XCBuildConfiguration;
			buildSettings = {
				ASSETCATALOG_COMPILER_APPICON_NAME = AppIcon;
				ASSETCATALOG_COMPILER_GLOBAL_ACCENT_COLOR_NAME = AccentColor;
				CODE_SIGN_ENTITLEMENTS = Buzzkill/Buzzkill.entitlements;
				"CODE_SIGN_IDENTITY[sdk=macosx*]" = "Apple Development";
				CODE_SIGN_STYLE = Automatic;
				CURRENT_PROJECT_VERSION = 1;
				DEVELOPMENT_ASSET_PATHS = "\"Buzzkill/Preview Content\"";
				DEVELOPMENT_TEAM = GFR22H29TJ;
				ENABLE_HARDENED_RUNTIME = YES;
				ENABLE_PREVIEWS = YES;
				GENERATE_INFOPLIST_FILE = NO;
				INFOPLIST_FILE = /Users/joshcastro/Desktop/BuzzkillIOS/BuzzkillIOS/Buzzkill/Info.plist;
				"INFOPLIST_KEY_UIApplicationSceneManifest_Generation[sdk=iphoneos*]" = YES;
				"INFOPLIST_KEY_UIApplicationSceneManifest_Generation[sdk=iphonesimulator*]" = YES;
				"INFOPLIST_KEY_UIApplicationSupportsIndirectInputEvents[sdk=iphoneos*]" = YES;
				"INFOPLIST_KEY_UIApplicationSupportsIndirectInputEvents[sdk=iphonesimulator*]" = YES;
				"INFOPLIST_KEY_UILaunchScreen_Generation[sdk=iphoneos*]" = YES;
				"INFOPLIST_KEY_UILaunchScreen_Generation[sdk=iphonesimulator*]" = YES;
				"INFOPLIST_KEY_UIStatusBarStyle[sdk=iphoneos*]" = UIStatusBarStyleDefault;
				"INFOPLIST_KEY_UIStatusBarStyle[sdk=iphonesimulator*]" = UIStatusBarStyleDefault;
				INFOPLIST_KEY_UISupportedInterfaceOrientations_iPad = "UIInterfaceOrientationPortrait UIInterfaceOrientationPortraitUpsideDown UIInterfaceOrientationLandscapeLeft UIInterfaceOrientationLandscapeRight";
				INFOPLIST_KEY_UISupportedInterfaceOrientations_iPhone = "UIInterfaceOrientationPortrait UIInterfaceOrientationLandscapeLeft UIInterfaceOrientationLandscapeRight";
				IPHONEOS_DEPLOYMENT_TARGET = 16.6;
				LD_RUNPATH_SEARCH_PATHS = "@executable_path/Frameworks";
				"LD_RUNPATH_SEARCH_PATHS[sdk=macosx*]" = "@executable_path/../Frameworks";
				MACOSX_DEPLOYMENT_TARGET = 15.2;
				MARKETING_VERSION = 1.0;
				PRODUCT_BUNDLE_IDENTIFIER = buzzkill.Buzzkill;
				PRODUCT_NAME = "$(TARGET_NAME)";
				SDKROOT = auto;
				SUPPORTED_PLATFORMS = "iphoneos iphonesimulator macosx xros xrsimulator";
				SWIFT_EMIT_LOC_STRINGS = YES;
				SWIFT_VERSION = 5.0;
				TARGETED_DEVICE_FAMILY = "1,2,7";
				XROS_DEPLOYMENT_TARGET = 2.2;
			};
			name = Debug;
		};
		EFC12D562D5AE12C00E829B3 /* Release */ = {
			isa = XCBuildConfiguration;
			buildSettings = {
				ASSETCATALOG_COMPILER_APPICON_NAME = AppIcon;
				ASSETCATALOG_COMPILER_GLOBAL_ACCENT_COLOR_NAME = AccentColor;
				CODE_SIGN_ENTITLEMENTS = Buzzkill/Buzzkill.entitlements;
				"CODE_SIGN_IDENTITY[sdk=macosx*]" = "Apple Development";
				CODE_SIGN_STYLE = Automatic;
				CURRENT_PROJECT_VERSION = 1;
				DEVELOPMENT_ASSET_PATHS = "\"Buzzkill/Preview Content\"";
				DEVELOPMENT_TEAM = GFR22H29TJ;
				ENABLE_HARDENED_RUNTIME = YES;
				ENABLE_PREVIEWS = YES;
				GENERATE_INFOPLIST_FILE = NO;
				INFOPLIST_FILE = /Users/joshcastro/Desktop/BuzzkillIOS/BuzzkillIOS/Buzzkill/Info.plist;
				"INFOPLIST_KEY_UIApplicationSceneManifest_Generation[sdk=iphoneos*]" = YES;
				"INFOPLIST_KEY_UIApplicationSceneManifest_Generation[sdk=iphonesimulator*]" = YES;
				"INFOPLIST_KEY_UIApplicationSupportsIndirectInputEvents[sdk=iphoneos*]" = YES;
				"INFOPLIST_KEY_UIApplicationSupportsIndirectInputEvents[sdk=iphonesimulator*]" = YES;
				"INFOPLIST_KEY_UILaunchScreen_Generation[sdk=iphoneos*]" = YES;
				"INFOPLIST_KEY_UILaunchScreen_Generation[sdk=iphonesimulator*]" = YES;
				"INFOPLIST_KEY_UIStatusBarStyle[sdk=iphoneos*]" = UIStatusBarStyleDefault;
				"INFOPLIST_KEY_UIStatusBarStyle[sdk=iphonesimulator*]" = UIStatusBarStyleDefault;
				INFOPLIST_KEY_UISupportedInterfaceOrientations_iPad = "UIInterfaceOrientationPortrait UIInterfaceOrientationPortraitUpsideDown UIInterfaceOrientationLandscapeLeft UIInterfaceOrientationLandscapeRight";
				INFOPLIST_KEY_UISupportedInterfaceOrientations_iPhone = "UIInterfaceOrientationPortrait UIInterfaceOrientationLandscapeLeft UIInterfaceOrientationLandscapeRight";
				IPHONEOS_DEPLOYMENT_TARGET = 16.6;
				LD_RUNPATH_SEARCH_PATHS = "@executable_path/Frameworks";
				"LD_RUNPATH_SEARCH_PATHS[sdk=macosx*]" = "@executable_path/../Frameworks";
				MACOSX_DEPLOYMENT_TARGET = 15.2;
				MARKETING_VERSION = 1.0;
				PRODUCT_BUNDLE_IDENTIFIER = buzzkill.Buzzkill;
				PRODUCT_NAME = "$(TARGET_NAME)";
				SDKROOT = auto;
				SUPPORTED_PLATFORMS = "iphoneos iphonesimulator macosx xros xrsimulator";
				SWIFT_EMIT_LOC_STRINGS = YES;
				SWIFT_VERSION = 5.0;
				TARGETED_DEVICE_FAMILY = "1,2,7";
				XROS_DEPLOYMENT_TARGET = 2.2;
			};
			name = Release;
		};
		EFC12D582D5AE12C00E829B3 /* Debug */ = {
			isa = XCBuildConfiguration;
			buildSettings = {
				BUNDLE_LOADER = "$(TEST_HOST)";
				CODE_SIGN_STYLE = Automatic;
				CURRENT_PROJECT_VERSION = 1;
				DEVELOPMENT_TEAM = GFR22H29TJ;
				GENERATE_INFOPLIST_FILE = YES;
				IPHONEOS_DEPLOYMENT_TARGET = 18.2;
				MACOSX_DEPLOYMENT_TARGET = 15.2;
				MARKETING_VERSION = 1.0;
				PRODUCT_BUNDLE_IDENTIFIER = buzzkill.BuzzkillTests;
				PRODUCT_NAME = "$(TARGET_NAME)";
				SDKROOT = auto;
				SUPPORTED_PLATFORMS = "iphoneos iphonesimulator macosx xros xrsimulator";
				SWIFT_EMIT_LOC_STRINGS = NO;
				SWIFT_VERSION = 5.0;
				TARGETED_DEVICE_FAMILY = "1,2,7";
				TEST_HOST = "$(BUILT_PRODUCTS_DIR)/Buzzkill.app/$(BUNDLE_EXECUTABLE_FOLDER_PATH)/Buzzkill";
				XROS_DEPLOYMENT_TARGET = 2.2;
			};
			name = Debug;
		};
		EFC12D592D5AE12C00E829B3 /* Release */ = {
			isa = XCBuildConfiguration;
			buildSettings = {
				BUNDLE_LOADER = "$(TEST_HOST)";
				CODE_SIGN_STYLE = Automatic;
				CURRENT_PROJECT_VERSION = 1;
				DEVELOPMENT_TEAM = GFR22H29TJ;
				GENERATE_INFOPLIST_FILE = YES;
				IPHONEOS_DEPLOYMENT_TARGET = 18.2;
				MACOSX_DEPLOYMENT_TARGET = 15.2;
				MARKETING_VERSION = 1.0;
				PRODUCT_BUNDLE_IDENTIFIER = buzzkill.BuzzkillTests;
				PRODUCT_NAME = "$(TARGET_NAME)";
				SDKROOT = auto;
				SUPPORTED_PLATFORMS = "iphoneos iphonesimulator macosx xros xrsimulator";
				SWIFT_EMIT_LOC_STRINGS = NO;
				SWIFT_VERSION = 5.0;
				TARGETED_DEVICE_FAMILY = "1,2,7";
				TEST_HOST = "$(BUILT_PRODUCTS_DIR)/Buzzkill.app/$(BUNDLE_EXECUTABLE_FOLDER_PATH)/Buzzkill";
				XROS_DEPLOYMENT_TARGET = 2.2;
			};
			name = Release;
		};
		EFC12D5B2D5AE12C00E829B3 /* Debug */ = {
			isa = XCBuildConfiguration;
			buildSettings = {
				CODE_SIGN_STYLE = Automatic;
				CURRENT_PROJECT_VERSION = 1;
				DEVELOPMENT_TEAM = GFR22H29TJ;
				GENERATE_INFOPLIST_FILE = YES;
				IPHONEOS_DEPLOYMENT_TARGET = 18.2;
				MACOSX_DEPLOYMENT_TARGET = 15.2;
				MARKETING_VERSION = 1.0;
				PRODUCT_BUNDLE_IDENTIFIER = buzzkill.BuzzkillUITests;
				PRODUCT_NAME = "$(TARGET_NAME)";
				SDKROOT = auto;
				SUPPORTED_PLATFORMS = "iphoneos iphonesimulator macosx xros xrsimulator";
				SWIFT_EMIT_LOC_STRINGS = NO;
				SWIFT_VERSION = 5.0;
				TARGETED_DEVICE_FAMILY = "1,2,7";
				TEST_TARGET_NAME = Buzzkill;
				XROS_DEPLOYMENT_TARGET = 2.2;
			};
			name = Debug;
		};
		EFC12D5C2D5AE12C00E829B3 /* Release */ = {
			isa = XCBuildConfiguration;
			buildSettings = {
				CODE_SIGN_STYLE = Automatic;
				CURRENT_PROJECT_VERSION = 1;
				DEVELOPMENT_TEAM = GFR22H29TJ;
				GENERATE_INFOPLIST_FILE = YES;
				IPHONEOS_DEPLOYMENT_TARGET = 18.2;
				MACOSX_DEPLOYMENT_TARGET = 15.2;
				MARKETING_VERSION = 1.0;
				PRODUCT_BUNDLE_IDENTIFIER = buzzkill.BuzzkillUITests;
				PRODUCT_NAME = "$(TARGET_NAME)";
				SDKROOT = auto;
				SUPPORTED_PLATFORMS = "iphoneos iphonesimulator macosx xros xrsimulator";
				SWIFT_EMIT_LOC_STRINGS = NO;
				SWIFT_VERSION = 5.0;
				TARGETED_DEVICE_FAMILY = "1,2,7";
				TEST_TARGET_NAME = Buzzkill;
				XROS_DEPLOYMENT_TARGET = 2.2;
			};
			name = Release;
		};
/* End XCBuildConfiguration section */

/* Begin XCConfigurationList section */
		EF81F4112D62EBF60089E9D3 /* Build configuration list for PBXNativeTarget "BudgetDetailsWidgetExtension" */ = {
			isa = XCConfigurationList;
			buildConfigurations = (
				EF81F4122D62EBF60089E9D3 /* Debug */,
				EF81F4132D62EBF60089E9D3 /* Release */,
			);
			defaultConfigurationIsVisible = 0;
			defaultConfigurationName = Release;
		};
		EFC12D2A2D5AE12C00E829B3 /* Build configuration list for PBXProject "Buzzkill" */ = {
			isa = XCConfigurationList;
			buildConfigurations = (
				EFC12D522D5AE12C00E829B3 /* Debug */,
				EFC12D532D5AE12C00E829B3 /* Release */,
			);
			defaultConfigurationIsVisible = 0;
			defaultConfigurationName = Release;
		};
		EFC12D542D5AE12C00E829B3 /* Build configuration list for PBXNativeTarget "Buzzkill" */ = {
			isa = XCConfigurationList;
			buildConfigurations = (
				EFC12D552D5AE12C00E829B3 /* Debug */,
				EFC12D562D5AE12C00E829B3 /* Release */,
			);
			defaultConfigurationIsVisible = 0;
			defaultConfigurationName = Release;
		};
		EFC12D572D5AE12C00E829B3 /* Build configuration list for PBXNativeTarget "BuzzkillTests" */ = {
			isa = XCConfigurationList;
			buildConfigurations = (
				EFC12D582D5AE12C00E829B3 /* Debug */,
				EFC12D592D5AE12C00E829B3 /* Release */,
			);
			defaultConfigurationIsVisible = 0;
			defaultConfigurationName = Release;
		};
		EFC12D5A2D5AE12C00E829B3 /* Build configuration list for PBXNativeTarget "BuzzkillUITests" */ = {
			isa = XCConfigurationList;
			buildConfigurations = (
				EFC12D5B2D5AE12C00E829B3 /* Debug */,
				EFC12D5C2D5AE12C00E829B3 /* Release */,
			);
			defaultConfigurationIsVisible = 0;
			defaultConfigurationName = Release;
		};
/* End XCConfigurationList section */

/* Begin XCRemoteSwiftPackageReference section */
		EF81F41E2D63D98D0089E9D3 /* XCRemoteSwiftPackageReference "firebase-ios-sdk" */ = {
			isa = XCRemoteSwiftPackageReference;
			repositoryURL = "https://github.com/firebase/firebase-ios-sdk";
			requirement = {
				kind = upToNextMajorVersion;
				minimumVersion = 11.8.1;
			};
		};
/* End XCRemoteSwiftPackageReference section */

/* Begin XCSwiftPackageProductDependency section */
		EF81F41F2D63D98D0089E9D3 /* FirebaseAnalytics */ = {
			isa = XCSwiftPackageProductDependency;
			package = EF81F41E2D63D98D0089E9D3 /* XCRemoteSwiftPackageReference "firebase-ios-sdk" */;
			productName = FirebaseAnalytics;
		};
		EF81F4212D63D98D0089E9D3 /* FirebaseAuth */ = {
			isa = XCSwiftPackageProductDependency;
			package = EF81F41E2D63D98D0089E9D3 /* XCRemoteSwiftPackageReference "firebase-ios-sdk" */;
			productName = FirebaseAuth;
		};
		EF81F4252D63D98D0089E9D3 /* FirebaseCrashlytics */ = {
			isa = XCSwiftPackageProductDependency;
			package = EF81F41E2D63D98D0089E9D3 /* XCRemoteSwiftPackageReference "firebase-ios-sdk" */;
			productName = FirebaseCrashlytics;
		};
		EF81F4272D63D98D0089E9D3 /* FirebaseFirestore */ = {
			isa = XCSwiftPackageProductDependency;
			package = EF81F41E2D63D98D0089E9D3 /* XCRemoteSwiftPackageReference "firebase-ios-sdk" */;
			productName = FirebaseFirestore;
		};
/* End XCSwiftPackageProductDependency section */
	};
	rootObject = EFC12D272D5AE12C00E829B3 /* Project object */;
}
